{
    "hash": "4ca4d6b301cce9661542b97d850eb891",
    "packages": [
        {
            "name": "cvele/klein.php",
            "version": "dev-master",
            "source": {
                "type": "git",
                "url": "https://github.com/cvele/klein.php",
                "reference": "cb69fd76b2467d403abfd0a063ce9bb5290a86c8"
            },
            "dist": {
                "type": "zip",
                "url": "https://api.github.com/repos/cvele/klein.php/zipball/cb69fd76b2467d403abfd0a063ce9bb5290a86c8",
                "reference": "cb69fd76b2467d403abfd0a063ce9bb5290a86c8",
                "shasum": ""
            },
            "require": {
                "php": ">=5.3.2"
            },
            "time": "2013-01-09 15:11:37",
            "type": "library",
            "autoload": {
                "files": [
                    "klein.php"
                ]
            },
            "notification-url": "https://packagist.org/downloads/",
            "license": [
                "LGPL-2.1",
                " BSD-2-Clause"
            ],
            "authors": [
                {
                    "name": "Chris O'Hara",
                    "homepage": "https://github.com/chriso/klein.php"
                }
            ]
        },
        {
            "name": "rmccue/requests",
            "version": "dev-master",
            "source": {
                "type": "git",
                "url": "https://github.com/rmccue/Requests.git",
                "reference": "eee30254c2ba314ad7fe3bc493095af421118c27"
            },
            "dist": {
                "type": "zip",
                "url": "https://api.github.com/repos/rmccue/Requests/zipball/eee30254c2ba314ad7fe3bc493095af421118c27",
                "reference": "eee30254c2ba314ad7fe3bc493095af421118c27",
                "shasum": ""
            },
            "require": {
                "php": ">=5.2"
            },
            "time": "2012-10-25 14:01:26",
            "type": "library",
            "autoload": {
                "psr-0": {
                    "Requests": "library/"
                }
            },
            "notification-url": "https://packagist.org/downloads/",
            "license": [
                "ISC"
            ],
            "authors": [
                {
                    "name": "Ryan McCue",
                    "homepage": "http://ryanmccue.info"
                }
            ],
            "description": "A HTTP library written in PHP, for human beings.",
            "homepage": "http://github.com/rmccue/Requests",
            "keywords": [
                "curl",
                "fsockopen",
                "http",
                "idna",
                "ipv6",
                "iri",
                "sockets"
            ]
        },
        {
            "name": "spekkionu/wideimage",
            "version": "dev-master",
            "source": {
                "type": "git",
                "url": "https://github.com/clone1018/wideimage",
                "reference": "17790ecc4f6757024041c5adc184c1876e01045e"
            },
            "dist": {
                "type": "zip",
                "url": "https://api.github.com/repos/clone1018/wideimage/zipball/17790ecc4f6757024041c5adc184c1876e01045e",
                "reference": "17790ecc4f6757024041c5adc184c1876e01045e",
                "shasum": ""
            },
            "time": "2013-02-03 22:31:19",
            "type": "library",
            "autoload": {
                "psr-0": {
                    "WideImage": "",
                    "WideImage_": "WideImage/"
                }
            },
            "license": [
                "GPL-2.0",
                "LGPL-2.1"
            ],
            "description": "An open-source PHP library for image manipulation",
            "homepage": "http://wideimage.sourceforge.net",
            "support": {
                "source": "https://github.com/clone1018/wideimage/tree/master"
            }
        }
    ],
    "packages-dev": null,
    "aliases": [

    ],
    "minimum-stability": "stable",
    "stability-flags": {
        "cvele/klein.php": 20,
        "rmccue/requests": 20,
        "spekkionu/wideimage": 20
    }
}
